
Microsoft Visual Studio Solution File, Format Version 12.00
# Visual Studio 2013
VisualStudioVersion = 12.0.30501.0
MinimumVisualStudioVersion = 10.0.40219.1
Project("{FAE04EC0-301F-11D3-BF4B-00C04F79EFBC}") = "DriveIT.Models", "DriveIT.Models\DriveIT.Models.csproj", "{9279ADF0-FC58-4C2F-B34F-D472F13976EC}"
EndProject
Project("{FAE04EC0-301F-11D3-BF4B-00C04F79EFBC}") = "DriveIT.Entities.Tests", "DriveIT.Entities.Tests\DriveIT.Entities.Tests.csproj", "{36AD2C9B-2DA7-4895-BEA4-FD6C3965DC47}"
EndProject
Project("{FAE04EC0-301F-11D3-BF4B-00C04F79EFBC}") = "DriveIT.EntityFramework", "DriveIT.EntityFramework\DriveIT.EntityFramework.csproj", "{AB46DA72-12F4-417E-B7D3-2251FA2A94D8}"
EndProject
Project("{FAE04EC0-301F-11D3-BF4B-00C04F79EFBC}") = "DriveIT.Entities", "DriveIT.Entities\DriveIT.Entities.csproj", "{16C04BA6-6FE0-4986-B33A-DB39A723E02E}"
EndProject
Global
	GlobalSection(SolutionConfigurationPlatforms) = preSolution
		Debug|Any CPU = Debug|Any CPU
		Debug|ARM = Debug|ARM
		Debug|x64 = Debug|x64
		Debug|x86 = Debug|x86
		Release|Any CPU = Release|Any CPU
		Release|ARM = Release|ARM
		Release|x64 = Release|x64
		Release|x86 = Release|x86
	EndGlobalSection
	GlobalSection(ProjectConfigurationPlatforms) = postSolution
		{9279ADF0-FC58-4C2F-B34F-D472F13976EC}.Debug|Any CPU.ActiveCfg = Debug|Any CPU
		{9279ADF0-FC58-4C2F-B34F-D472F13976EC}.Debug|Any CPU.Build.0 = Debug|Any CPU
		{9279ADF0-FC58-4C2F-B34F-D472F13976EC}.Debug|ARM.ActiveCfg = Debug|Any CPU
		{9279ADF0-FC58-4C2F-B34F-D472F13976EC}.Debug|x64.ActiveCfg = Debug|Any CPU
		{9279ADF0-FC58-4C2F-B34F-D472F13976EC}.Debug|x86.ActiveCfg = Debug|Any CPU
		{9279ADF0-FC58-4C2F-B34F-D472F13976EC}.Release|Any CPU.ActiveCfg = Release|Any CPU
		{9279ADF0-FC58-4C2F-B34F-D472F13976EC}.Release|Any CPU.Build.0 = Release|Any CPU
		{9279ADF0-FC58-4C2F-B34F-D472F13976EC}.Release|ARM.ActiveCfg = Release|Any CPU
		{9279ADF0-FC58-4C2F-B34F-D472F13976EC}.Release|x64.ActiveCfg = Release|Any CPU
		{9279ADF0-FC58-4C2F-B34F-D472F13976EC}.Release|x86.ActiveCfg = Release|Any CPU
		{36AD2C9B-2DA7-4895-BEA4-FD6C3965DC47}.Debug|Any CPU.ActiveCfg = Debug|Any CPU
		{36AD2C9B-2DA7-4895-BEA4-FD6C3965DC47}.Debug|Any CPU.Build.0 = Debug|Any CPU
		{36AD2C9B-2DA7-4895-BEA4-FD6C3965DC47}.Debug|ARM.ActiveCfg = Debug|Any CPU
		{36AD2C9B-2DA7-4895-BEA4-FD6C3965DC47}.Debug|x64.ActiveCfg = Debug|Any CPU
		{36AD2C9B-2DA7-4895-BEA4-FD6C3965DC47}.Debug|x86.ActiveCfg = Debug|Any CPU
		{36AD2C9B-2DA7-4895-BEA4-FD6C3965DC47}.Release|Any CPU.ActiveCfg = Release|Any CPU
		{36AD2C9B-2DA7-4895-BEA4-FD6C3965DC47}.Release|Any CPU.Build.0 = Release|Any CPU
		{36AD2C9B-2DA7-4895-BEA4-FD6C3965DC47}.Release|ARM.ActiveCfg = Release|Any CPU
		{36AD2C9B-2DA7-4895-BEA4-FD6C3965DC47}.Release|x64.ActiveCfg = Release|Any CPU
		{36AD2C9B-2DA7-4895-BEA4-FD6C3965DC47}.Release|x86.ActiveCfg = Release|Any CPU
		{AB46DA72-12F4-417E-B7D3-2251FA2A94D8}.Debug|Any CPU.ActiveCfg = Debug|Any CPU
		{AB46DA72-12F4-417E-B7D3-2251FA2A94D8}.Debug|Any CPU.Build.0 = Debug|Any CPU
		{AB46DA72-12F4-417E-B7D3-2251FA2A94D8}.Debug|ARM.ActiveCfg = Debug|Any CPU
		{AB46DA72-12F4-417E-B7D3-2251FA2A94D8}.Debug|x64.ActiveCfg = Debug|Any CPU
		{AB46DA72-12F4-417E-B7D3-2251FA2A94D8}.Debug|x86.ActiveCfg = Debug|Any CPU
		{AB46DA72-12F4-417E-B7D3-2251FA2A94D8}.Release|Any CPU.ActiveCfg = Release|Any CPU
		{AB46DA72-12F4-417E-B7D3-2251FA2A94D8}.Release|Any CPU.Build.0 = Release|Any CPU
		{AB46DA72-12F4-417E-B7D3-2251FA2A94D8}.Release|ARM.ActiveCfg = Release|Any CPU
		{AB46DA72-12F4-417E-B7D3-2251FA2A94D8}.Release|x64.ActiveCfg = Release|Any CPU
		{AB46DA72-12F4-417E-B7D3-2251FA2A94D8}.Release|x86.ActiveCfg = Release|Any CPU
		{16C04BA6-6FE0-4986-B33A-DB39A723E02E}.Debug|Any CPU.ActiveCfg = Debug|Any CPU
		{16C04BA6-6FE0-4986-B33A-DB39A723E02E}.Debug|Any CPU.Build.0 = Debug|Any CPU
		{16C04BA6-6FE0-4986-B33A-DB39A723E02E}.Debug|ARM.ActiveCfg = Debug|Any CPU
		{16C04BA6-6FE0-4986-B33A-DB39A723E02E}.Debug|x64.ActiveCfg = Debug|Any CPU
		{16C04BA6-6FE0-4986-B33A-DB39A723E02E}.Debug|x86.ActiveCfg = Debug|Any CPU
		{16C04BA6-6FE0-4986-B33A-DB39A723E02E}.Release|Any CPU.ActiveCfg = Release|Any CPU
		{16C04BA6-6FE0-4986-B33A-DB39A723E02E}.Release|Any CPU.Build.0 = Release|Any CPU
		{16C04BA6-6FE0-4986-B33A-DB39A723E02E}.Release|ARM.ActiveCfg = Release|Any CPU
		{16C04BA6-6FE0-4986-B33A-DB39A723E02E}.Release|x64.ActiveCfg = Release|Any CPU
		{16C04BA6-6FE0-4986-B33A-DB39A723E02E}.Release|x86.ActiveCfg = Release|Any CPU
	EndGlobalSection
	GlobalSection(SolutionProperties) = preSolution
		HideSolutionNode = FALSE
	EndGlobalSection
EndGlobal
