
Microsoft Visual Studio Solution File, Format Version 12.00
# Visual Studio 2013
VisualStudioVersion = 12.0.31101.0
MinimumVisualStudioVersion = 10.0.40219.1
Project("{FAE04EC0-301F-11D3-BF4B-00C04F79EFBC}") = "DriveIT.Models", "DriveIT.Models\DriveIT.Models.csproj", "{9279ADF0-FC58-4C2F-B34F-D472F13976EC}"
EndProject
Project("{FAE04EC0-301F-11D3-BF4B-00C04F79EFBC}") = "DriveIT.Entities.Tests", "DriveIT.Entities.Tests\DriveIT.Entities.Tests.csproj", "{36AD2C9B-2DA7-4895-BEA4-FD6C3965DC47}"
EndProject
Project("{FAE04EC0-301F-11D3-BF4B-00C04F79EFBC}") = "DriveIT.EntityFramework", "DriveIT.EntityFramework\DriveIT.EntityFramework.csproj", "{AB46DA72-12F4-417E-B7D3-2251FA2A94D8}"
EndProject
Project("{FAE04EC0-301F-11D3-BF4B-00C04F79EFBC}") = "DriveIT.Entities", "DriveIT.Entities\DriveIT.Entities.csproj", "{16C04BA6-6FE0-4986-B33A-DB39A723E02E}"
EndProject
Project("{FAE04EC0-301F-11D3-BF4B-00C04F79EFBC}") = "DriveIT.WindowsClient", "DriveIT.WindowsClient\DriveIT.WindowsClient.csproj", "{428232FE-70B1-4952-8C55-F10472FDFE5F}"
EndProject
Project("{FAE04EC0-301F-11D3-BF4B-00C04F79EFBC}") = "DriveIT.WindowsClient.Tests", "DriveIT.WindowsClient.Tests\DriveIT.WindowsClient.Tests.csproj", "{E0C9361D-30C3-47E3-B119-05F8301CE48B}"
EndProject
Project("{FAE04EC0-301F-11D3-BF4B-00C04F79EFBC}") = "DriveIT.CarQuery", "DriveIT.CarQuery\DriveIT.CarQuery.csproj", "{3924AEC3-E411-44A7-B145-D7AB4B361F62}"
EndProject
Project("{FAE04EC0-301F-11D3-BF4B-00C04F79EFBC}") = "DriveIT.CarQuery.Tests", "DriveIT.CarQuery.Tests\DriveIT.CarQuery.Tests.csproj", "{5649925B-E84F-4BED-9780-527D07EB8773}"
EndProject
Project("{FAE04EC0-301F-11D3-BF4B-00C04F79EFBC}") = "DriveIT.Web", "DriveIT.Web\DriveIT.Web.csproj", "{4673C784-66A6-47AF-8F06-5E603A7CC30D}"
EndProject
Project("{FAE04EC0-301F-11D3-BF4B-00C04F79EFBC}") = "DriveIT.Web.Tests", "DriveIT.Web.Tests\DriveIT.Web.Tests.csproj", "{89ED59FD-8278-47B3-B17E-2263749F4EE4}"
EndProject
Global
	GlobalSection(SolutionConfigurationPlatforms) = preSolution
		Debug|Any CPU = Debug|Any CPU
		Debug|ARM = Debug|ARM
		Debug|x64 = Debug|x64
		Debug|x86 = Debug|x86
		Release|Any CPU = Release|Any CPU
		Release|ARM = Release|ARM
		Release|x64 = Release|x64
		Release|x86 = Release|x86
	EndGlobalSection
	GlobalSection(ProjectConfigurationPlatforms) = postSolution
		{9279ADF0-FC58-4C2F-B34F-D472F13976EC}.Debug|Any CPU.ActiveCfg = Debug|Any CPU
		{9279ADF0-FC58-4C2F-B34F-D472F13976EC}.Debug|Any CPU.Build.0 = Debug|Any CPU
		{9279ADF0-FC58-4C2F-B34F-D472F13976EC}.Debug|ARM.ActiveCfg = Debug|Any CPU
		{9279ADF0-FC58-4C2F-B34F-D472F13976EC}.Debug|x64.ActiveCfg = Debug|Any CPU
		{9279ADF0-FC58-4C2F-B34F-D472F13976EC}.Debug|x86.ActiveCfg = Debug|Any CPU
		{9279ADF0-FC58-4C2F-B34F-D472F13976EC}.Release|Any CPU.ActiveCfg = Release|Any CPU
		{9279ADF0-FC58-4C2F-B34F-D472F13976EC}.Release|Any CPU.Build.0 = Release|Any CPU
		{9279ADF0-FC58-4C2F-B34F-D472F13976EC}.Release|ARM.ActiveCfg = Release|Any CPU
		{9279ADF0-FC58-4C2F-B34F-D472F13976EC}.Release|x64.ActiveCfg = Release|Any CPU
		{9279ADF0-FC58-4C2F-B34F-D472F13976EC}.Release|x86.ActiveCfg = Release|Any CPU
		{36AD2C9B-2DA7-4895-BEA4-FD6C3965DC47}.Debug|Any CPU.ActiveCfg = Debug|Any CPU
		{36AD2C9B-2DA7-4895-BEA4-FD6C3965DC47}.Debug|Any CPU.Build.0 = Debug|Any CPU
		{36AD2C9B-2DA7-4895-BEA4-FD6C3965DC47}.Debug|ARM.ActiveCfg = Debug|Any CPU
		{36AD2C9B-2DA7-4895-BEA4-FD6C3965DC47}.Debug|x64.ActiveCfg = Debug|Any CPU
		{36AD2C9B-2DA7-4895-BEA4-FD6C3965DC47}.Debug|x86.ActiveCfg = Debug|Any CPU
		{36AD2C9B-2DA7-4895-BEA4-FD6C3965DC47}.Release|Any CPU.ActiveCfg = Release|Any CPU
		{36AD2C9B-2DA7-4895-BEA4-FD6C3965DC47}.Release|Any CPU.Build.0 = Release|Any CPU
		{36AD2C9B-2DA7-4895-BEA4-FD6C3965DC47}.Release|ARM.ActiveCfg = Release|Any CPU
		{36AD2C9B-2DA7-4895-BEA4-FD6C3965DC47}.Release|x64.ActiveCfg = Release|Any CPU
		{36AD2C9B-2DA7-4895-BEA4-FD6C3965DC47}.Release|x86.ActiveCfg = Release|Any CPU
		{AB46DA72-12F4-417E-B7D3-2251FA2A94D8}.Debug|Any CPU.ActiveCfg = Debug|Any CPU
		{AB46DA72-12F4-417E-B7D3-2251FA2A94D8}.Debug|Any CPU.Build.0 = Debug|Any CPU
		{AB46DA72-12F4-417E-B7D3-2251FA2A94D8}.Debug|ARM.ActiveCfg = Debug|Any CPU
		{AB46DA72-12F4-417E-B7D3-2251FA2A94D8}.Debug|x64.ActiveCfg = Debug|Any CPU
		{AB46DA72-12F4-417E-B7D3-2251FA2A94D8}.Debug|x86.ActiveCfg = Debug|Any CPU
		{AB46DA72-12F4-417E-B7D3-2251FA2A94D8}.Release|Any CPU.ActiveCfg = Release|Any CPU
		{AB46DA72-12F4-417E-B7D3-2251FA2A94D8}.Release|Any CPU.Build.0 = Release|Any CPU
		{AB46DA72-12F4-417E-B7D3-2251FA2A94D8}.Release|ARM.ActiveCfg = Release|Any CPU
		{AB46DA72-12F4-417E-B7D3-2251FA2A94D8}.Release|x64.ActiveCfg = Release|Any CPU
		{AB46DA72-12F4-417E-B7D3-2251FA2A94D8}.Release|x86.ActiveCfg = Release|Any CPU
		{16C04BA6-6FE0-4986-B33A-DB39A723E02E}.Debug|Any CPU.ActiveCfg = Debug|Any CPU
		{16C04BA6-6FE0-4986-B33A-DB39A723E02E}.Debug|Any CPU.Build.0 = Debug|Any CPU
		{16C04BA6-6FE0-4986-B33A-DB39A723E02E}.Debug|ARM.ActiveCfg = Debug|Any CPU
		{16C04BA6-6FE0-4986-B33A-DB39A723E02E}.Debug|x64.ActiveCfg = Debug|Any CPU
		{16C04BA6-6FE0-4986-B33A-DB39A723E02E}.Debug|x86.ActiveCfg = Debug|Any CPU
		{16C04BA6-6FE0-4986-B33A-DB39A723E02E}.Release|Any CPU.ActiveCfg = Release|Any CPU
		{16C04BA6-6FE0-4986-B33A-DB39A723E02E}.Release|Any CPU.Build.0 = Release|Any CPU
		{16C04BA6-6FE0-4986-B33A-DB39A723E02E}.Release|ARM.ActiveCfg = Release|Any CPU
		{16C04BA6-6FE0-4986-B33A-DB39A723E02E}.Release|x64.ActiveCfg = Release|Any CPU
		{16C04BA6-6FE0-4986-B33A-DB39A723E02E}.Release|x86.ActiveCfg = Release|Any CPU
		{428232FE-70B1-4952-8C55-F10472FDFE5F}.Debug|Any CPU.ActiveCfg = Debug|Any CPU
		{428232FE-70B1-4952-8C55-F10472FDFE5F}.Debug|Any CPU.Build.0 = Debug|Any CPU
		{428232FE-70B1-4952-8C55-F10472FDFE5F}.Debug|ARM.ActiveCfg = Debug|Any CPU
		{428232FE-70B1-4952-8C55-F10472FDFE5F}.Debug|x64.ActiveCfg = Debug|Any CPU
		{428232FE-70B1-4952-8C55-F10472FDFE5F}.Debug|x86.ActiveCfg = Debug|Any CPU
		{428232FE-70B1-4952-8C55-F10472FDFE5F}.Release|Any CPU.ActiveCfg = Release|Any CPU
		{428232FE-70B1-4952-8C55-F10472FDFE5F}.Release|Any CPU.Build.0 = Release|Any CPU
		{428232FE-70B1-4952-8C55-F10472FDFE5F}.Release|ARM.ActiveCfg = Release|Any CPU
		{428232FE-70B1-4952-8C55-F10472FDFE5F}.Release|x64.ActiveCfg = Release|Any CPU
		{428232FE-70B1-4952-8C55-F10472FDFE5F}.Release|x86.ActiveCfg = Release|Any CPU
		{E0C9361D-30C3-47E3-B119-05F8301CE48B}.Debug|Any CPU.ActiveCfg = Debug|Any CPU
		{E0C9361D-30C3-47E3-B119-05F8301CE48B}.Debug|Any CPU.Build.0 = Debug|Any CPU
		{E0C9361D-30C3-47E3-B119-05F8301CE48B}.Debug|ARM.ActiveCfg = Debug|Any CPU
		{E0C9361D-30C3-47E3-B119-05F8301CE48B}.Debug|x64.ActiveCfg = Debug|Any CPU
		{E0C9361D-30C3-47E3-B119-05F8301CE48B}.Debug|x86.ActiveCfg = Debug|Any CPU
		{E0C9361D-30C3-47E3-B119-05F8301CE48B}.Release|Any CPU.ActiveCfg = Release|Any CPU
		{E0C9361D-30C3-47E3-B119-05F8301CE48B}.Release|Any CPU.Build.0 = Release|Any CPU
		{E0C9361D-30C3-47E3-B119-05F8301CE48B}.Release|ARM.ActiveCfg = Release|Any CPU
		{E0C9361D-30C3-47E3-B119-05F8301CE48B}.Release|x64.ActiveCfg = Release|Any CPU
		{E0C9361D-30C3-47E3-B119-05F8301CE48B}.Release|x86.ActiveCfg = Release|Any CPU
		{3924AEC3-E411-44A7-B145-D7AB4B361F62}.Debug|Any CPU.ActiveCfg = Debug|Any CPU
		{3924AEC3-E411-44A7-B145-D7AB4B361F62}.Debug|Any CPU.Build.0 = Debug|Any CPU
		{3924AEC3-E411-44A7-B145-D7AB4B361F62}.Debug|ARM.ActiveCfg = Debug|Any CPU
		{3924AEC3-E411-44A7-B145-D7AB4B361F62}.Debug|x64.ActiveCfg = Debug|Any CPU
		{3924AEC3-E411-44A7-B145-D7AB4B361F62}.Debug|x86.ActiveCfg = Debug|Any CPU
		{3924AEC3-E411-44A7-B145-D7AB4B361F62}.Release|Any CPU.ActiveCfg = Release|Any CPU
		{3924AEC3-E411-44A7-B145-D7AB4B361F62}.Release|Any CPU.Build.0 = Release|Any CPU
		{3924AEC3-E411-44A7-B145-D7AB4B361F62}.Release|ARM.ActiveCfg = Release|Any CPU
		{3924AEC3-E411-44A7-B145-D7AB4B361F62}.Release|x64.ActiveCfg = Release|Any CPU
		{3924AEC3-E411-44A7-B145-D7AB4B361F62}.Release|x86.ActiveCfg = Release|Any CPU
		{5649925B-E84F-4BED-9780-527D07EB8773}.Debug|Any CPU.ActiveCfg = Debug|Any CPU
		{5649925B-E84F-4BED-9780-527D07EB8773}.Debug|Any CPU.Build.0 = Debug|Any CPU
		{5649925B-E84F-4BED-9780-527D07EB8773}.Debug|ARM.ActiveCfg = Debug|Any CPU
		{5649925B-E84F-4BED-9780-527D07EB8773}.Debug|x64.ActiveCfg = Debug|Any CPU
		{5649925B-E84F-4BED-9780-527D07EB8773}.Debug|x86.ActiveCfg = Debug|Any CPU
		{5649925B-E84F-4BED-9780-527D07EB8773}.Release|Any CPU.ActiveCfg = Release|Any CPU
		{5649925B-E84F-4BED-9780-527D07EB8773}.Release|Any CPU.Build.0 = Release|Any CPU
		{5649925B-E84F-4BED-9780-527D07EB8773}.Release|ARM.ActiveCfg = Release|Any CPU
		{5649925B-E84F-4BED-9780-527D07EB8773}.Release|x64.ActiveCfg = Release|Any CPU
		{5649925B-E84F-4BED-9780-527D07EB8773}.Release|x86.ActiveCfg = Release|Any CPU
		{4673C784-66A6-47AF-8F06-5E603A7CC30D}.Debug|Any CPU.ActiveCfg = Debug|Any CPU
		{4673C784-66A6-47AF-8F06-5E603A7CC30D}.Debug|Any CPU.Build.0 = Debug|Any CPU
		{4673C784-66A6-47AF-8F06-5E603A7CC30D}.Debug|ARM.ActiveCfg = Debug|Any CPU
		{4673C784-66A6-47AF-8F06-5E603A7CC30D}.Debug|x64.ActiveCfg = Debug|Any CPU
		{4673C784-66A6-47AF-8F06-5E603A7CC30D}.Debug|x86.ActiveCfg = Debug|Any CPU
		{4673C784-66A6-47AF-8F06-5E603A7CC30D}.Release|Any CPU.ActiveCfg = Release|Any CPU
		{4673C784-66A6-47AF-8F06-5E603A7CC30D}.Release|Any CPU.Build.0 = Release|Any CPU
		{4673C784-66A6-47AF-8F06-5E603A7CC30D}.Release|ARM.ActiveCfg = Release|Any CPU
		{4673C784-66A6-47AF-8F06-5E603A7CC30D}.Release|x64.ActiveCfg = Release|Any CPU
		{4673C784-66A6-47AF-8F06-5E603A7CC30D}.Release|x86.ActiveCfg = Release|Any CPU
		{89ED59FD-8278-47B3-B17E-2263749F4EE4}.Debug|Any CPU.ActiveCfg = Debug|Any CPU
		{89ED59FD-8278-47B3-B17E-2263749F4EE4}.Debug|Any CPU.Build.0 = Debug|Any CPU
		{89ED59FD-8278-47B3-B17E-2263749F4EE4}.Debug|ARM.ActiveCfg = Debug|Any CPU
		{89ED59FD-8278-47B3-B17E-2263749F4EE4}.Debug|x64.ActiveCfg = Debug|Any CPU
		{89ED59FD-8278-47B3-B17E-2263749F4EE4}.Debug|x86.ActiveCfg = Debug|Any CPU
		{89ED59FD-8278-47B3-B17E-2263749F4EE4}.Release|Any CPU.ActiveCfg = Release|Any CPU
		{89ED59FD-8278-47B3-B17E-2263749F4EE4}.Release|Any CPU.Build.0 = Release|Any CPU
		{89ED59FD-8278-47B3-B17E-2263749F4EE4}.Release|ARM.ActiveCfg = Release|Any CPU
		{89ED59FD-8278-47B3-B17E-2263749F4EE4}.Release|x64.ActiveCfg = Release|Any CPU
		{89ED59FD-8278-47B3-B17E-2263749F4EE4}.Release|x86.ActiveCfg = Release|Any CPU
	EndGlobalSection
	GlobalSection(SolutionProperties) = preSolution
		HideSolutionNode = FALSE
	EndGlobalSection
EndGlobal
